
Microsoft Visual Studio Solution File, Format Version 12.00
# Visual Studio 15
VisualStudioVersion = 15.0.28307.757
MinimumVisualStudioVersion = 10.0.40219.1
Project("{9A19103F-16F7-4668-BE54-9A1E7A4F7556}") = "EntityFrameworkCore.Attributes", "EntityFrameworkCore.Attributes\EntityFrameworkCore.Attributes.csproj", "{1E350358-B6FF-4EA4-B09F-4C6361E1AB0D}"
EndProject
Project("{FAE04EC0-301F-11D3-BF4B-00C04F79EFBC}") = "EntityFrameworkCore.Example", "EntityFrameworkCore.Example\EntityFrameworkCore.Example.csproj", "{A7B598CD-6B85-4D10-A780-1A48A4F9366C}"
EndProject
Global
	GlobalSection(SolutionConfigurationPlatforms) = preSolution
		Debug|Any CPU = Debug|Any CPU
		Release|Any CPU = Release|Any CPU
	EndGlobalSection
	GlobalSection(ProjectConfigurationPlatforms) = postSolution
		{1E350358-B6FF-4EA4-B09F-4C6361E1AB0D}.Debug|Any CPU.ActiveCfg = Debug|Any CPU
		{1E350358-B6FF-4EA4-B09F-4C6361E1AB0D}.Debug|Any CPU.Build.0 = Debug|Any CPU
		{1E350358-B6FF-4EA4-B09F-4C6361E1AB0D}.Release|Any CPU.ActiveCfg = Release|Any CPU
		{1E350358-B6FF-4EA4-B09F-4C6361E1AB0D}.Release|Any CPU.Build.0 = Release|Any CPU
		{A7B598CD-6B85-4D10-A780-1A48A4F9366C}.Debug|Any CPU.ActiveCfg = Debug|Any CPU
		{A7B598CD-6B85-4D10-A780-1A48A4F9366C}.Debug|Any CPU.Build.0 = Debug|Any CPU
		{A7B598CD-6B85-4D10-A780-1A48A4F9366C}.Release|Any CPU.ActiveCfg = Release|Any CPU
		{A7B598CD-6B85-4D10-A780-1A48A4F9366C}.Release|Any CPU.Build.0 = Release|Any CPU
	EndGlobalSection
	GlobalSection(SolutionProperties) = preSolution
		HideSolutionNode = FALSE
	EndGlobalSection
	GlobalSection(ExtensibilityGlobals) = postSolution
		SolutionGuid = {C04882E5-9C61-4D0B-BD17-ACA2023D7CC5}
	EndGlobalSection
EndGlobal
